{
  "nodes": {
    "gem5": {
      "inputs": {
        "nixpkgs": [
          "nixpkgs"
        ]
      },
      "locked": {
        "lastModified": 1665360530,
        "narHash": "sha256-LbU/S0R++4MmvZN1+1WFhX05aJQtJ2XCtQRTLYeSBL4=",
        "owner": "picostove",
        "repo": "gem5",
        "rev": "91c2fb0f5a0a0cb8ae1b14cffe84722ece9b9c37",
        "type": "github"
      },
      "original": {
        "owner": "picostove",
        "repo": "gem5",
        "type": "github"
      }
    },
    "nixpkgs": {
      "locked": {
        "lastModified": 1664687381,
        "narHash": "sha256-9czSuDzS+OGGwq2kC4KXBLXWfYaup+oLB+AA1Md25U4=",
        "owner": "NixOS",
        "repo": "nixpkgs",
        "rev": "59d2991d4256cdca1c0cda45d876c80a0fe45c31",
        "type": "github"
      },
      "original": {
        "id": "nixpkgs",
        "ref": "nixos-unstable",
        "type": "indirect"
      }
    },
    "papi": {
      "inputs": {
        "nixpkgs": [
          "nixpkgs"
        ]
      },
      "locked": {
        "lastModified": 1667249841,
        "narHash": "sha256-HfRE49KystkF32q4G29cV1p8znxdyZUdJr3WboYzaHc=",
        "owner": "picostove",
        "repo": "papi",
        "rev": "4bf084518b0409ca1439d5aba3301748489b7920",
        "type": "github"
      },
      "original": {
        "owner": "picostove",
        "repo": "papi",
        "type": "github"
      }
    },
    "root": {
      "inputs": {
        "gem5": "gem5",
        "nixpkgs": "nixpkgs",
        "papi": "papi"
      }
    }
  },
  "root": "root",
  "version": 7
}
